
Microsoft Visual Studio Solution File, Format Version 12.00
# Visual Studio 2012
Project("{2150E333-8FDC-42A3-9474-1A3956D46DE8}") = "Lib", "Lib", "{AAE4ACBE-ED54-4511-A2E2-A3B9561AC5AE}"
EndProject
Project("{FAE04EC0-301F-11D3-BF4B-00C04F79EFBC}") = "TwinTechsForms.Core", "TwinTechsForms.Core\TwinTechsForms.Core.csproj", "{7C5D7E33-C77E-475F-BE8B-359CD164A4E5}"
EndProject
Project("{FAE04EC0-301F-11D3-BF4B-00C04F79EFBC}") = "TwinTechsForms.Droid", "TwinTechsForms.Droid\TwinTechsForms.Droid.csproj", "{F4FDDB8D-1DAD-4558-B62C-CDBD703F9B9D}"
EndProject
Project("{FAE04EC0-301F-11D3-BF4B-00C04F79EFBC}") = "TwinTechsForms.iOS", "TwinTechsForms.iOS\TwinTechsForms.iOS.csproj", "{C0D2B64A-CBFC-42A2-B8A6-B8673976EE14}"
EndProject
Project("{2150E333-8FDC-42A3-9474-1A3956D46DE8}") = "Example", "Example", "{FC55621B-2175-42B9-A9F1-5FB4427A8488}"
EndProject
Project("{FAE04EC0-301F-11D3-BF4B-00C04F79EFBC}") = "TwinTechsFormsExample", "TwinTechsFormsExample\TwinTechsFormsExample.csproj", "{6B080A35-79E7-4A45-B9FC-25B3D157E2C3}"
EndProject
Project("{FAE04EC0-301F-11D3-BF4B-00C04F79EFBC}") = "TwinTechsFormsExample.iOS", "iOS\TwinTechsFormsExample.iOS.csproj", "{7745D829-648E-4D59-8959-53721D3DFA03}"
EndProject
Project("{FAE04EC0-301F-11D3-BF4B-00C04F79EFBC}") = "TwinTechsFormsExample.Droid", "Droid\TwinTechsFormsExample.Droid.csproj", "{98C72D6A-9016-4881-978D-55C98C743918}"
EndProject
Project("{2150E333-8FDC-42A3-9474-1A3956D46DE8}") = "SvgImage", "SvgImage", "{31E555E1-5B47-4D05-919B-8BD584F42679}"
EndProject
Project("{FAE04EC0-301F-11D3-BF4B-00C04F79EFBC}") = "TwinTechsForms.SvgImage", "TwinTechsForms.SvgImage\TwinTechsForms.SvgImage.csproj", "{3780F071-D298-4861-84DB-3B990987C58D}"
EndProject
Project("{FAE04EC0-301F-11D3-BF4B-00C04F79EFBC}") = "TwinTechsForms.SvgImage.iOS", "TwinTechsForms.SvgImage\TwinTechsForms.SvgImage.iOS\TwinTechsForms.SvgImage.iOS.csproj", "{603CCCD7-58D1-48E1-8090-68D2FE459273}"
EndProject
Project("{FAE04EC0-301F-11D3-BF4B-00C04F79EFBC}") = "TwinTechsForms.SvgImage.Droid", "TwinTechsForms.SvgImage\TwinTechsForms.SvgImage.Droid\TwinTechsForms.SvgImage.Droid.csproj", "{AD5C1A1E-2E26-47F6-8A5C-60569ACD808A}"
EndProject
Project("{2150E333-8FDC-42A3-9474-1A3956D46DE8}") = "NControl.SvgImageView", "NControl.SvgImageView", "{6698F986-19E8-4C6B-A98E-7B7A2882BDA3}"
EndProject
Project("{FAE04EC0-301F-11D3-BF4B-00C04F79EFBC}") = "TwinTechsForms.NControl.SvgImageView", "TwinTechsForms.NControl.SvgImageView\TwinTechsForms.NControl.SvgImageView.csproj", "{05950D26-8F4C-4517-9295-C30655190F99}"
EndProject
Project("{FAE04EC0-301F-11D3-BF4B-00C04F79EFBC}") = "TwinTechsForms.NControl.SvgImageView.Android", "TwinTechsForms.NControl.SvgImageView\TwinTechsForms.NControl.SvgImageView.Android\TwinTechsForms.NControl.SvgImageView.Android.csproj", "{418F7F98-8509-4210-983E-7DEE1198426A}"
EndProject
Project("{FAE04EC0-301F-11D3-BF4B-00C04F79EFBC}") = "TwinTechsForms.NControl.SvgImageView.iOS", "TwinTechsForms.NControl.SvgImageView\TwinTechsForms.NControl.SvgImageView.iOS\TwinTechsForms.NControl.SvgImageView.iOS.csproj", "{58B41F20-DAE7-40C2-9021-980EED46857F}"
EndProject
Project("{2150E333-8FDC-42A3-9474-1A3956D46DE8}") = "_nuspec", "_nuspec", "{DCF316FD-79C1-446A-A1C1-BE09B2703ABC}"
	ProjectSection(SolutionItems) = preProject
		..\TwinTechsForms.SvgImage.nuspec = ..\TwinTechsForms.SvgImage.nuspec
		..\TwinTechsForms.NControl.SvgImageView.nuspec = ..\TwinTechsForms.NControl.SvgImageView.nuspec
	EndProjectSection
EndProject
Global
	GlobalSection(SolutionConfigurationPlatforms) = preSolution
		Debug|Any CPU = Debug|Any CPU
		Release|Any CPU = Release|Any CPU
		Debug|iPhoneSimulator = Debug|iPhoneSimulator
		Release|iPhone = Release|iPhone
		Release|iPhoneSimulator = Release|iPhoneSimulator
		Debug|iPhone = Debug|iPhone
	EndGlobalSection
	GlobalSection(ProjectConfigurationPlatforms) = postSolution
		{05950D26-8F4C-4517-9295-C30655190F99}.Debug|Any CPU.ActiveCfg = Debug|Any CPU
		{05950D26-8F4C-4517-9295-C30655190F99}.Debug|Any CPU.Build.0 = Debug|Any CPU
		{05950D26-8F4C-4517-9295-C30655190F99}.Debug|iPhone.ActiveCfg = Debug|Any CPU
		{05950D26-8F4C-4517-9295-C30655190F99}.Debug|iPhone.Build.0 = Debug|Any CPU
		{05950D26-8F4C-4517-9295-C30655190F99}.Debug|iPhoneSimulator.ActiveCfg = Debug|Any CPU
		{05950D26-8F4C-4517-9295-C30655190F99}.Debug|iPhoneSimulator.Build.0 = Debug|Any CPU
		{05950D26-8F4C-4517-9295-C30655190F99}.Release|Any CPU.ActiveCfg = Release|Any CPU
		{05950D26-8F4C-4517-9295-C30655190F99}.Release|Any CPU.Build.0 = Release|Any CPU
		{05950D26-8F4C-4517-9295-C30655190F99}.Release|iPhone.ActiveCfg = Release|Any CPU
		{05950D26-8F4C-4517-9295-C30655190F99}.Release|iPhone.Build.0 = Release|Any CPU
		{05950D26-8F4C-4517-9295-C30655190F99}.Release|iPhoneSimulator.ActiveCfg = Release|Any CPU
		{05950D26-8F4C-4517-9295-C30655190F99}.Release|iPhoneSimulator.Build.0 = Release|Any CPU
		{3780F071-D298-4861-84DB-3B990987C58D}.Debug|Any CPU.ActiveCfg = Debug|Any CPU
		{3780F071-D298-4861-84DB-3B990987C58D}.Debug|Any CPU.Build.0 = Debug|Any CPU
		{3780F071-D298-4861-84DB-3B990987C58D}.Debug|iPhone.ActiveCfg = Debug|Any CPU
		{3780F071-D298-4861-84DB-3B990987C58D}.Debug|iPhone.Build.0 = Debug|Any CPU
		{3780F071-D298-4861-84DB-3B990987C58D}.Debug|iPhoneSimulator.ActiveCfg = Debug|Any CPU
		{3780F071-D298-4861-84DB-3B990987C58D}.Debug|iPhoneSimulator.Build.0 = Debug|Any CPU
		{3780F071-D298-4861-84DB-3B990987C58D}.Release|Any CPU.ActiveCfg = Release|Any CPU
		{3780F071-D298-4861-84DB-3B990987C58D}.Release|Any CPU.Build.0 = Release|Any CPU
		{3780F071-D298-4861-84DB-3B990987C58D}.Release|iPhone.ActiveCfg = Release|Any CPU
		{3780F071-D298-4861-84DB-3B990987C58D}.Release|iPhone.Build.0 = Release|Any CPU
		{3780F071-D298-4861-84DB-3B990987C58D}.Release|iPhoneSimulator.ActiveCfg = Release|Any CPU
		{3780F071-D298-4861-84DB-3B990987C58D}.Release|iPhoneSimulator.Build.0 = Release|Any CPU
		{418F7F98-8509-4210-983E-7DEE1198426A}.Debug|Any CPU.ActiveCfg = Debug|Any CPU
		{418F7F98-8509-4210-983E-7DEE1198426A}.Debug|Any CPU.Build.0 = Debug|Any CPU
		{418F7F98-8509-4210-983E-7DEE1198426A}.Debug|iPhone.ActiveCfg = Debug|Any CPU
		{418F7F98-8509-4210-983E-7DEE1198426A}.Debug|iPhone.Build.0 = Debug|Any CPU
		{418F7F98-8509-4210-983E-7DEE1198426A}.Debug|iPhoneSimulator.ActiveCfg = Debug|Any CPU
		{418F7F98-8509-4210-983E-7DEE1198426A}.Debug|iPhoneSimulator.Build.0 = Debug|Any CPU
		{418F7F98-8509-4210-983E-7DEE1198426A}.Release|Any CPU.ActiveCfg = Release|Any CPU
		{418F7F98-8509-4210-983E-7DEE1198426A}.Release|Any CPU.Build.0 = Release|Any CPU
		{418F7F98-8509-4210-983E-7DEE1198426A}.Release|iPhone.ActiveCfg = Release|Any CPU
		{418F7F98-8509-4210-983E-7DEE1198426A}.Release|iPhone.Build.0 = Release|Any CPU
		{418F7F98-8509-4210-983E-7DEE1198426A}.Release|iPhoneSimulator.ActiveCfg = Release|Any CPU
		{418F7F98-8509-4210-983E-7DEE1198426A}.Release|iPhoneSimulator.Build.0 = Release|Any CPU
		{58B41F20-DAE7-40C2-9021-980EED46857F}.Debug|Any CPU.ActiveCfg = Debug|Any CPU
		{58B41F20-DAE7-40C2-9021-980EED46857F}.Debug|Any CPU.Build.0 = Debug|Any CPU
		{58B41F20-DAE7-40C2-9021-980EED46857F}.Debug|iPhone.ActiveCfg = Debug|Any CPU
		{58B41F20-DAE7-40C2-9021-980EED46857F}.Debug|iPhone.Build.0 = Debug|Any CPU
		{58B41F20-DAE7-40C2-9021-980EED46857F}.Debug|iPhoneSimulator.ActiveCfg = Debug|Any CPU
		{58B41F20-DAE7-40C2-9021-980EED46857F}.Debug|iPhoneSimulator.Build.0 = Debug|Any CPU
		{58B41F20-DAE7-40C2-9021-980EED46857F}.Release|Any CPU.ActiveCfg = Release|Any CPU
		{58B41F20-DAE7-40C2-9021-980EED46857F}.Release|Any CPU.Build.0 = Release|Any CPU
		{58B41F20-DAE7-40C2-9021-980EED46857F}.Release|iPhone.ActiveCfg = Release|Any CPU
		{58B41F20-DAE7-40C2-9021-980EED46857F}.Release|iPhone.Build.0 = Release|Any CPU
		{58B41F20-DAE7-40C2-9021-980EED46857F}.Release|iPhoneSimulator.ActiveCfg = Release|Any CPU
		{58B41F20-DAE7-40C2-9021-980EED46857F}.Release|iPhoneSimulator.Build.0 = Release|Any CPU
		{603CCCD7-58D1-48E1-8090-68D2FE459273}.Debug|Any CPU.ActiveCfg = Debug|Any CPU
		{603CCCD7-58D1-48E1-8090-68D2FE459273}.Debug|Any CPU.Build.0 = Debug|Any CPU
		{603CCCD7-58D1-48E1-8090-68D2FE459273}.Debug|iPhone.ActiveCfg = Debug|Any CPU
		{603CCCD7-58D1-48E1-8090-68D2FE459273}.Debug|iPhone.Build.0 = Debug|Any CPU
		{603CCCD7-58D1-48E1-8090-68D2FE459273}.Debug|iPhoneSimulator.ActiveCfg = Debug|Any CPU
		{603CCCD7-58D1-48E1-8090-68D2FE459273}.Debug|iPhoneSimulator.Build.0 = Debug|Any CPU
		{603CCCD7-58D1-48E1-8090-68D2FE459273}.Release|Any CPU.ActiveCfg = Release|Any CPU
		{603CCCD7-58D1-48E1-8090-68D2FE459273}.Release|Any CPU.Build.0 = Release|Any CPU
		{603CCCD7-58D1-48E1-8090-68D2FE459273}.Release|iPhone.ActiveCfg = Release|Any CPU
		{603CCCD7-58D1-48E1-8090-68D2FE459273}.Release|iPhone.Build.0 = Release|Any CPU
		{603CCCD7-58D1-48E1-8090-68D2FE459273}.Release|iPhoneSimulator.ActiveCfg = Release|Any CPU
		{603CCCD7-58D1-48E1-8090-68D2FE459273}.Release|iPhoneSimulator.Build.0 = Release|Any CPU
		{6B080A35-79E7-4A45-B9FC-25B3D157E2C3}.Debug|Any CPU.ActiveCfg = Debug|Any CPU
		{6B080A35-79E7-4A45-B9FC-25B3D157E2C3}.Debug|Any CPU.Build.0 = Debug|Any CPU
		{6B080A35-79E7-4A45-B9FC-25B3D157E2C3}.Debug|iPhone.ActiveCfg = Debug|Any CPU
		{6B080A35-79E7-4A45-B9FC-25B3D157E2C3}.Debug|iPhone.Build.0 = Debug|Any CPU
		{6B080A35-79E7-4A45-B9FC-25B3D157E2C3}.Debug|iPhoneSimulator.ActiveCfg = Debug|Any CPU
		{6B080A35-79E7-4A45-B9FC-25B3D157E2C3}.Debug|iPhoneSimulator.Build.0 = Debug|Any CPU
		{6B080A35-79E7-4A45-B9FC-25B3D157E2C3}.Release|Any CPU.ActiveCfg = Release|Any CPU
		{6B080A35-79E7-4A45-B9FC-25B3D157E2C3}.Release|Any CPU.Build.0 = Release|Any CPU
		{6B080A35-79E7-4A45-B9FC-25B3D157E2C3}.Release|iPhone.ActiveCfg = Release|Any CPU
		{6B080A35-79E7-4A45-B9FC-25B3D157E2C3}.Release|iPhone.Build.0 = Release|Any CPU
		{6B080A35-79E7-4A45-B9FC-25B3D157E2C3}.Release|iPhoneSimulator.ActiveCfg = Release|Any CPU
		{6B080A35-79E7-4A45-B9FC-25B3D157E2C3}.Release|iPhoneSimulator.Build.0 = Release|Any CPU
		{7745D829-648E-4D59-8959-53721D3DFA03}.Debug|Any CPU.ActiveCfg = Debug|iPhoneSimulator
		{7745D829-648E-4D59-8959-53721D3DFA03}.Debug|Any CPU.Build.0 = Debug|iPhoneSimulator
		{7745D829-648E-4D59-8959-53721D3DFA03}.Debug|iPhone.ActiveCfg = Debug|iPhone
		{7745D829-648E-4D59-8959-53721D3DFA03}.Debug|iPhone.Build.0 = Debug|iPhone
		{7745D829-648E-4D59-8959-53721D3DFA03}.Debug|iPhoneSimulator.ActiveCfg = Debug|iPhoneSimulator
		{7745D829-648E-4D59-8959-53721D3DFA03}.Debug|iPhoneSimulator.Build.0 = Debug|iPhoneSimulator
		{7745D829-648E-4D59-8959-53721D3DFA03}.Release|Any CPU.ActiveCfg = Release|iPhone
		{7745D829-648E-4D59-8959-53721D3DFA03}.Release|Any CPU.Build.0 = Release|iPhone
		{7745D829-648E-4D59-8959-53721D3DFA03}.Release|iPhone.ActiveCfg = Release|iPhone
		{7745D829-648E-4D59-8959-53721D3DFA03}.Release|iPhone.Build.0 = Release|iPhone
		{7745D829-648E-4D59-8959-53721D3DFA03}.Release|iPhoneSimulator.ActiveCfg = Release|iPhoneSimulator
		{7745D829-648E-4D59-8959-53721D3DFA03}.Release|iPhoneSimulator.Build.0 = Release|iPhoneSimulator
		{7C5D7E33-C77E-475F-BE8B-359CD164A4E5}.Debug|Any CPU.ActiveCfg = Debug|Any CPU
		{7C5D7E33-C77E-475F-BE8B-359CD164A4E5}.Debug|Any CPU.Build.0 = Debug|Any CPU
		{7C5D7E33-C77E-475F-BE8B-359CD164A4E5}.Debug|iPhone.ActiveCfg = Debug|Any CPU
		{7C5D7E33-C77E-475F-BE8B-359CD164A4E5}.Debug|iPhone.Build.0 = Debug|Any CPU
		{7C5D7E33-C77E-475F-BE8B-359CD164A4E5}.Debug|iPhoneSimulator.ActiveCfg = Debug|Any CPU
		{7C5D7E33-C77E-475F-BE8B-359CD164A4E5}.Debug|iPhoneSimulator.Build.0 = Debug|Any CPU
		{7C5D7E33-C77E-475F-BE8B-359CD164A4E5}.Release|Any CPU.ActiveCfg = Release|Any CPU
		{7C5D7E33-C77E-475F-BE8B-359CD164A4E5}.Release|Any CPU.Build.0 = Release|Any CPU
		{7C5D7E33-C77E-475F-BE8B-359CD164A4E5}.Release|iPhone.ActiveCfg = Release|Any CPU
		{7C5D7E33-C77E-475F-BE8B-359CD164A4E5}.Release|iPhone.Build.0 = Release|Any CPU
		{7C5D7E33-C77E-475F-BE8B-359CD164A4E5}.Release|iPhoneSimulator.ActiveCfg = Release|Any CPU
		{7C5D7E33-C77E-475F-BE8B-359CD164A4E5}.Release|iPhoneSimulator.Build.0 = Release|Any CPU
		{98C72D6A-9016-4881-978D-55C98C743918}.Debug|Any CPU.ActiveCfg = Debug|Any CPU
		{98C72D6A-9016-4881-978D-55C98C743918}.Debug|Any CPU.Build.0 = Debug|Any CPU
		{98C72D6A-9016-4881-978D-55C98C743918}.Debug|iPhone.ActiveCfg = Debug|Any CPU
		{98C72D6A-9016-4881-978D-55C98C743918}.Debug|iPhone.Build.0 = Debug|Any CPU
		{98C72D6A-9016-4881-978D-55C98C743918}.Debug|iPhoneSimulator.ActiveCfg = Debug|Any CPU
		{98C72D6A-9016-4881-978D-55C98C743918}.Debug|iPhoneSimulator.Build.0 = Debug|Any CPU
		{98C72D6A-9016-4881-978D-55C98C743918}.Release|Any CPU.ActiveCfg = Release|Any CPU
		{98C72D6A-9016-4881-978D-55C98C743918}.Release|Any CPU.Build.0 = Release|Any CPU
		{98C72D6A-9016-4881-978D-55C98C743918}.Release|iPhone.ActiveCfg = Release|Any CPU
		{98C72D6A-9016-4881-978D-55C98C743918}.Release|iPhone.Build.0 = Release|Any CPU
		{98C72D6A-9016-4881-978D-55C98C743918}.Release|iPhoneSimulator.ActiveCfg = Release|Any CPU
		{98C72D6A-9016-4881-978D-55C98C743918}.Release|iPhoneSimulator.Build.0 = Release|Any CPU
		{AD5C1A1E-2E26-47F6-8A5C-60569ACD808A}.Debug|Any CPU.ActiveCfg = Debug|Any CPU
		{AD5C1A1E-2E26-47F6-8A5C-60569ACD808A}.Debug|Any CPU.Build.0 = Debug|Any CPU
		{AD5C1A1E-2E26-47F6-8A5C-60569ACD808A}.Debug|iPhone.ActiveCfg = Debug|Any CPU
		{AD5C1A1E-2E26-47F6-8A5C-60569ACD808A}.Debug|iPhone.Build.0 = Debug|Any CPU
		{AD5C1A1E-2E26-47F6-8A5C-60569ACD808A}.Debug|iPhoneSimulator.ActiveCfg = Debug|Any CPU
		{AD5C1A1E-2E26-47F6-8A5C-60569ACD808A}.Debug|iPhoneSimulator.Build.0 = Debug|Any CPU
		{AD5C1A1E-2E26-47F6-8A5C-60569ACD808A}.Release|Any CPU.ActiveCfg = Release|Any CPU
		{AD5C1A1E-2E26-47F6-8A5C-60569ACD808A}.Release|Any CPU.Build.0 = Release|Any CPU
		{AD5C1A1E-2E26-47F6-8A5C-60569ACD808A}.Release|iPhone.ActiveCfg = Release|Any CPU
		{AD5C1A1E-2E26-47F6-8A5C-60569ACD808A}.Release|iPhone.Build.0 = Release|Any CPU
		{AD5C1A1E-2E26-47F6-8A5C-60569ACD808A}.Release|iPhoneSimulator.ActiveCfg = Release|Any CPU
		{AD5C1A1E-2E26-47F6-8A5C-60569ACD808A}.Release|iPhoneSimulator.Build.0 = Release|Any CPU
		{C0D2B64A-CBFC-42A2-B8A6-B8673976EE14}.Debug|Any CPU.ActiveCfg = Debug|Any CPU
		{C0D2B64A-CBFC-42A2-B8A6-B8673976EE14}.Debug|Any CPU.Build.0 = Debug|Any CPU
		{C0D2B64A-CBFC-42A2-B8A6-B8673976EE14}.Debug|iPhone.ActiveCfg = Debug|Any CPU
		{C0D2B64A-CBFC-42A2-B8A6-B8673976EE14}.Debug|iPhone.Build.0 = Debug|Any CPU
		{C0D2B64A-CBFC-42A2-B8A6-B8673976EE14}.Debug|iPhoneSimulator.ActiveCfg = Debug|Any CPU
		{C0D2B64A-CBFC-42A2-B8A6-B8673976EE14}.Debug|iPhoneSimulator.Build.0 = Debug|Any CPU
		{C0D2B64A-CBFC-42A2-B8A6-B8673976EE14}.Release|Any CPU.ActiveCfg = Release|Any CPU
		{C0D2B64A-CBFC-42A2-B8A6-B8673976EE14}.Release|Any CPU.Build.0 = Release|Any CPU
		{C0D2B64A-CBFC-42A2-B8A6-B8673976EE14}.Release|iPhone.ActiveCfg = Release|Any CPU
		{C0D2B64A-CBFC-42A2-B8A6-B8673976EE14}.Release|iPhone.Build.0 = Release|Any CPU
		{C0D2B64A-CBFC-42A2-B8A6-B8673976EE14}.Release|iPhoneSimulator.ActiveCfg = Release|Any CPU
		{C0D2B64A-CBFC-42A2-B8A6-B8673976EE14}.Release|iPhoneSimulator.Build.0 = Release|Any CPU
		{F4FDDB8D-1DAD-4558-B62C-CDBD703F9B9D}.Debug|Any CPU.ActiveCfg = Debug|Any CPU
		{F4FDDB8D-1DAD-4558-B62C-CDBD703F9B9D}.Debug|Any CPU.Build.0 = Debug|Any CPU
		{F4FDDB8D-1DAD-4558-B62C-CDBD703F9B9D}.Debug|iPhone.ActiveCfg = Debug|Any CPU
		{F4FDDB8D-1DAD-4558-B62C-CDBD703F9B9D}.Debug|iPhone.Build.0 = Debug|Any CPU
		{F4FDDB8D-1DAD-4558-B62C-CDBD703F9B9D}.Debug|iPhoneSimulator.ActiveCfg = Debug|Any CPU
		{F4FDDB8D-1DAD-4558-B62C-CDBD703F9B9D}.Debug|iPhoneSimulator.Build.0 = Debug|Any CPU
		{F4FDDB8D-1DAD-4558-B62C-CDBD703F9B9D}.Release|Any CPU.ActiveCfg = Release|Any CPU
		{F4FDDB8D-1DAD-4558-B62C-CDBD703F9B9D}.Release|Any CPU.Build.0 = Release|Any CPU
		{F4FDDB8D-1DAD-4558-B62C-CDBD703F9B9D}.Release|iPhone.ActiveCfg = Release|Any CPU
		{F4FDDB8D-1DAD-4558-B62C-CDBD703F9B9D}.Release|iPhone.Build.0 = Release|Any CPU
		{F4FDDB8D-1DAD-4558-B62C-CDBD703F9B9D}.Release|iPhoneSimulator.ActiveCfg = Release|Any CPU
		{F4FDDB8D-1DAD-4558-B62C-CDBD703F9B9D}.Release|iPhoneSimulator.Build.0 = Release|Any CPU
	EndGlobalSection
	GlobalSection(NestedProjects) = preSolution
		{7C5D7E33-C77E-475F-BE8B-359CD164A4E5} = {AAE4ACBE-ED54-4511-A2E2-A3B9561AC5AE}
		{F4FDDB8D-1DAD-4558-B62C-CDBD703F9B9D} = {AAE4ACBE-ED54-4511-A2E2-A3B9561AC5AE}
		{C0D2B64A-CBFC-42A2-B8A6-B8673976EE14} = {AAE4ACBE-ED54-4511-A2E2-A3B9561AC5AE}
		{6B080A35-79E7-4A45-B9FC-25B3D157E2C3} = {FC55621B-2175-42B9-A9F1-5FB4427A8488}
		{7745D829-648E-4D59-8959-53721D3DFA03} = {FC55621B-2175-42B9-A9F1-5FB4427A8488}
		{98C72D6A-9016-4881-978D-55C98C743918} = {FC55621B-2175-42B9-A9F1-5FB4427A8488}
		{3780F071-D298-4861-84DB-3B990987C58D} = {31E555E1-5B47-4D05-919B-8BD584F42679}
		{603CCCD7-58D1-48E1-8090-68D2FE459273} = {31E555E1-5B47-4D05-919B-8BD584F42679}
		{AD5C1A1E-2E26-47F6-8A5C-60569ACD808A} = {31E555E1-5B47-4D05-919B-8BD584F42679}
		{05950D26-8F4C-4517-9295-C30655190F99} = {6698F986-19E8-4C6B-A98E-7B7A2882BDA3}
		{418F7F98-8509-4210-983E-7DEE1198426A} = {6698F986-19E8-4C6B-A98E-7B7A2882BDA3}
		{58B41F20-DAE7-40C2-9021-980EED46857F} = {6698F986-19E8-4C6B-A98E-7B7A2882BDA3}
	EndGlobalSection
EndGlobal
